
Microsoft Visual Studio Solution File, Format Version 12.00
# Visual Studio Version 16
VisualStudioVersion = 16.0.30907.101
MinimumVisualStudioVersion = 10.0.40219.1
Project("{FAE04EC0-301F-11D3-BF4B-00C04F79EFBC}") = "zavd1", "zavd1\zavd1.csproj", "{5D6FF4EF-E615-413E-8901-588D248ACC65}"
EndProject
Project("{FAE04EC0-301F-11D3-BF4B-00C04F79EFBC}") = "zavd2", "zavd2\zavd2.csproj", "{CFB58C35-8EE3-4F37-9B3D-8753794E3A4E}"
EndProject
Project("{FAE04EC0-301F-11D3-BF4B-00C04F79EFBC}") = "zavd3", "zavd3\zavd3.csproj", "{FAA748D5-BADA-4268-B4FD-EFB6EE0B08D9}"
EndProject
Project("{FAE04EC0-301F-11D3-BF4B-00C04F79EFBC}") = "zavd4", "zavd4\zavd4.csproj", "{C217384F-9482-4B9D-969A-AB0E1236DDC6}"
EndProject
Project("{FAE04EC0-301F-11D3-BF4B-00C04F79EFBC}") = "zavd5", "zavd5\zavd5.csproj", "{7BB8E2A8-F59F-4FF9-9A14-C9A852C6881C}"
EndProject
Global
	GlobalSection(SolutionConfigurationPlatforms) = preSolution
		Debug|Any CPU = Debug|Any CPU
		Release|Any CPU = Release|Any CPU
	EndGlobalSection
	GlobalSection(ProjectConfigurationPlatforms) = postSolution
		{5D6FF4EF-E615-413E-8901-588D248ACC65}.Debug|Any CPU.ActiveCfg = Debug|Any CPU
		{5D6FF4EF-E615-413E-8901-588D248ACC65}.Debug|Any CPU.Build.0 = Debug|Any CPU
		{5D6FF4EF-E615-413E-8901-588D248ACC65}.Release|Any CPU.ActiveCfg = Release|Any CPU
		{5D6FF4EF-E615-413E-8901-588D248ACC65}.Release|Any CPU.Build.0 = Release|Any CPU
		{CFB58C35-8EE3-4F37-9B3D-8753794E3A4E}.Debug|Any CPU.ActiveCfg = Debug|Any CPU
		{CFB58C35-8EE3-4F37-9B3D-8753794E3A4E}.Debug|Any CPU.Build.0 = Debug|Any CPU
		{CFB58C35-8EE3-4F37-9B3D-8753794E3A4E}.Release|Any CPU.ActiveCfg = Release|Any CPU
		{CFB58C35-8EE3-4F37-9B3D-8753794E3A4E}.Release|Any CPU.Build.0 = Release|Any CPU
		{FAA748D5-BADA-4268-B4FD-EFB6EE0B08D9}.Debug|Any CPU.ActiveCfg = Debug|Any CPU
		{FAA748D5-BADA-4268-B4FD-EFB6EE0B08D9}.Debug|Any CPU.Build.0 = Debug|Any CPU
		{FAA748D5-BADA-4268-B4FD-EFB6EE0B08D9}.Release|Any CPU.ActiveCfg = Release|Any CPU
		{FAA748D5-BADA-4268-B4FD-EFB6EE0B08D9}.Release|Any CPU.Build.0 = Release|Any CPU
		{C217384F-9482-4B9D-969A-AB0E1236DDC6}.Debug|Any CPU.ActiveCfg = Debug|Any CPU
		{C217384F-9482-4B9D-969A-AB0E1236DDC6}.Debug|Any CPU.Build.0 = Debug|Any CPU
		{C217384F-9482-4B9D-969A-AB0E1236DDC6}.Release|Any CPU.ActiveCfg = Release|Any CPU
		{C217384F-9482-4B9D-969A-AB0E1236DDC6}.Release|Any CPU.Build.0 = Release|Any CPU
		{7BB8E2A8-F59F-4FF9-9A14-C9A852C6881C}.Debug|Any CPU.ActiveCfg = Debug|Any CPU
		{7BB8E2A8-F59F-4FF9-9A14-C9A852C6881C}.Debug|Any CPU.Build.0 = Debug|Any CPU
		{7BB8E2A8-F59F-4FF9-9A14-C9A852C6881C}.Release|Any CPU.ActiveCfg = Release|Any CPU
		{7BB8E2A8-F59F-4FF9-9A14-C9A852C6881C}.Release|Any CPU.Build.0 = Release|Any CPU
	EndGlobalSection
	GlobalSection(SolutionProperties) = preSolution
		HideSolutionNode = FALSE
	EndGlobalSection
	GlobalSection(ExtensibilityGlobals) = postSolution
		SolutionGuid = {C4C74A5F-4603-488C-B077-F3FB1E94B10B}
	EndGlobalSection
EndGlobal
